// !$*UTF8*$!
{
	archiveVersion = 1;
	classes = {
	};
	objectVersion = 55;
	objects = {

/* Begin PBXBuildFile section */
		66AAF51329003C60000A0DFC /* AppDelegate.swift in Sources */ = {isa = PBXBuildFile; fileRef = 66AAF51229003C60000A0DFC /* AppDelegate.swift */; };
		66AAF51529003C60000A0DFC /* SceneDelegate.swift in Sources */ = {isa = PBXBuildFile; fileRef = 66AAF51429003C60000A0DFC /* SceneDelegate.swift */; };
		66AAF51729003C60000A0DFC /* RecentPhotosViewController.swift in Sources */ = {isa = PBXBuildFile; fileRef = 66AAF51629003C60000A0DFC /* RecentPhotosViewController.swift */; };
		66AAF51A29003C60000A0DFC /* Main.storyboard in Resources */ = {isa = PBXBuildFile; fileRef = 66AAF51829003C60000A0DFC /* Main.storyboard */; };
		66AAF51C29003C60000A0DFC /* Assets.xcassets in Resources */ = {isa = PBXBuildFile; fileRef = 66AAF51B29003C60000A0DFC /* Assets.xcassets */; };
		66AAF51F29003C60000A0DFC /* LaunchScreen.storyboard in Resources */ = {isa = PBXBuildFile; fileRef = 66AAF51D29003C60000A0DFC /* LaunchScreen.storyboard */; };
		66AAF52B290043DF000A0DFC /* PhotoTableViewCell.swift in Sources */ = {isa = PBXBuildFile; fileRef = 66AAF52A290043DF000A0DFC /* PhotoTableViewCell.swift */; };
		66AAF52E29017EF8000A0DFC /* PhotoDetailViewController.swift in Sources */ = {isa = PBXBuildFile; fileRef = 66AAF52D29017EF8000A0DFC /* PhotoDetailViewController.swift */; };
		66AAF5342901905B000A0DFC /* PhotoDetail.storyboard in Resources */ = {isa = PBXBuildFile; fileRef = 66AAF5332901905B000A0DFC /* PhotoDetail.storyboard */; };
/* End PBXBuildFile section */

/* Begin PBXFileReference section */
		66AAF50F29003C60000A0DFC /* Flickr Client App.app */ = {isa = PBXFileReference; explicitFileType = wrapper.application; includeInIndex = 0; path = "Flickr Client App.app"; sourceTree = BUILT_PRODUCTS_DIR; };
		66AAF51229003C60000A0DFC /* AppDelegate.swift */ = {isa = PBXFileReference; lastKnownFileType = sourcecode.swift; path = AppDelegate.swift; sourceTree = "<group>"; };
		66AAF51429003C60000A0DFC /* SceneDelegate.swift */ = {isa = PBXFileReference; lastKnownFileType = sourcecode.swift; path = SceneDelegate.swift; sourceTree = "<group>"; };
		66AAF51629003C60000A0DFC /* RecentPhotosViewController.swift */ = {isa = PBXFileReference; lastKnownFileType = sourcecode.swift; path = RecentPhotosViewController.swift; sourceTree = "<group>"; };
		66AAF51929003C60000A0DFC /* Base */ = {isa = PBXFileReference; lastKnownFileType = file.storyboard; name = Base; path = Base.lproj/Main.storyboard; sourceTree = "<group>"; };
		66AAF51B29003C60000A0DFC /* Assets.xcassets */ = {isa = PBXFileReference; lastKnownFileType = folder.assetcatalog; path = Assets.xcassets; sourceTree = "<group>"; };
		66AAF51E29003C60000A0DFC /* Base */ = {isa = PBXFileReference; lastKnownFileType = file.storyboard; name = Base; path = Base.lproj/LaunchScreen.storyboard; sourceTree = "<group>"; };
		66AAF52029003C60000A0DFC /* Info.plist */ = {isa = PBXFileReference; lastKnownFileType = text.plist.xml; path = Info.plist; sourceTree = "<group>"; };
		66AAF52A290043DF000A0DFC /* PhotoTableViewCell.swift */ = {isa = PBXFileReference; lastKnownFileType = sourcecode.swift; path = PhotoTableViewCell.swift; sourceTree = "<group>"; };
		66AAF52D29017EF8000A0DFC /* PhotoDetailViewController.swift */ = {isa = PBXFileReference; lastKnownFileType = sourcecode.swift; path = PhotoDetailViewController.swift; sourceTree = "<group>"; };
		66AAF5332901905B000A0DFC /* PhotoDetail.storyboard */ = {isa = PBXFileReference; lastKnownFileType = file.storyboard; path = PhotoDetail.storyboard; sourceTree = "<group>"; };
/* End PBXFileReference section */

/* Begin PBXFrameworksBuildPhase section */
		66AAF50C29003C60000A0DFC /* Frameworks */ = {
			isa = PBXFrameworksBuildPhase;
			buildActionMask = 2147483647;
			files = (
			);
			runOnlyForDeploymentPostprocessing = 0;
		};
/* End PBXFrameworksBuildPhase section */

/* Begin PBXGroup section */
		66AAF50629003C60000A0DFC = {
			isa = PBXGroup;
			children = (
				66AAF51129003C60000A0DFC /* Flickr Client App */,
				66AAF51029003C60000A0DFC /* Products */,
			);
			sourceTree = "<group>";
		};
		66AAF51029003C60000A0DFC /* Products */ = {
			isa = PBXGroup;
			children = (
				66AAF50F29003C60000A0DFC /* Flickr Client App.app */,
			);
			name = Products;
			sourceTree = "<group>";
		};
		66AAF51129003C60000A0DFC /* Flickr Client App */ = {
			isa = PBXGroup;
			children = (
				66AAF52829003C91000A0DFC /* App */,
				66AAF52729003C84000A0DFC /* Supporting Files */,
				66AAF52629003C7C000A0DFC /* Screens */,
			);
			path = "Flickr Client App";
			sourceTree = "<group>";
		};
		66AAF52629003C7C000A0DFC /* Screens */ = {
			isa = PBXGroup;
			children = (
				66AAF52C29017ECB000A0DFC /* PhotoDetail */,
				66AAF52929003CD6000A0DFC /* RecentPhotos */,
			);
			path = Screens;
			sourceTree = "<group>";
		};
		66AAF52729003C84000A0DFC /* Supporting Files */ = {
			isa = PBXGroup;
			children = (
				66AAF51B29003C60000A0DFC /* Assets.xcassets */,
				66AAF51D29003C60000A0DFC /* LaunchScreen.storyboard */,
				66AAF52029003C60000A0DFC /* Info.plist */,
			);
			path = "Supporting Files";
			sourceTree = "<group>";
		};
		66AAF52829003C91000A0DFC /* App */ = {
			isa = PBXGroup;
			children = (
				66AAF51229003C60000A0DFC /* AppDelegate.swift */,
				66AAF51429003C60000A0DFC /* SceneDelegate.swift */,
			);
			path = App;
			sourceTree = "<group>";
		};
		66AAF52929003CD6000A0DFC /* RecentPhotos */ = {
			isa = PBXGroup;
			children = (
				66AAF53029017F32000A0DFC /* View */,
				66AAF52F29017F13000A0DFC /* Controller */,
			);
			path = RecentPhotos;
			sourceTree = "<group>";
		};
		66AAF52C29017ECB000A0DFC /* PhotoDetail */ = {
			isa = PBXGroup;
			children = (
				66AAF5322901903A000A0DFC /* View */,
				66AAF53129019035000A0DFC /* Controller */,
			);
			path = PhotoDetail;
			sourceTree = "<group>";
		};
		66AAF52F29017F13000A0DFC /* Controller */ = {
			isa = PBXGroup;
			children = (
				66AAF51629003C60000A0DFC /* RecentPhotosViewController.swift */,
			);
			path = Controller;
			sourceTree = "<group>";
		};
		66AAF53029017F32000A0DFC /* View */ = {
			isa = PBXGroup;
			children = (
				66AAF52A290043DF000A0DFC /* PhotoTableViewCell.swift */,
				66AAF51829003C60000A0DFC /* Main.storyboard */,
			);
			path = View;
			sourceTree = "<group>";
		};
		66AAF53129019035000A0DFC /* Controller */ = {
			isa = PBXGroup;
			children = (
				66AAF52D29017EF8000A0DFC /* PhotoDetailViewController.swift */,
			);
			path = Controller;
			sourceTree = "<group>";
		};
		66AAF5322901903A000A0DFC /* View */ = {
			isa = PBXGroup;
			children = (
				66AAF5332901905B000A0DFC /* PhotoDetail.storyboard */,
			);
			path = View;
			sourceTree = "<group>";
		};
/* End PBXGroup section */

/* Begin PBXNativeTarget section */
		66AAF50E29003C60000A0DFC /* Flickr Client App */ = {
			isa = PBXNativeTarget;
			buildConfigurationList = 66AAF52329003C60000A0DFC /* Build configuration list for PBXNativeTarget "Flickr Client App" */;
			buildPhases = (
				66AAF50B29003C60000A0DFC /* Sources */,
				66AAF50C29003C60000A0DFC /* Frameworks */,
				66AAF50D29003C60000A0DFC /* Resources */,
			);
			buildRules = (
			);
			dependencies = (
			);
			name = "Flickr Client App";
			productName = "Flickr Client App";
			productReference = 66AAF50F29003C60000A0DFC /* Flickr Client App.app */;
			productType = "com.apple.product-type.application";
		};
/* End PBXNativeTarget section */

/* Begin PBXProject section */
		66AAF50729003C60000A0DFC /* Project object */ = {
			isa = PBXProject;
			attributes = {
				BuildIndependentTargetsInParallel = 1;
				LastSwiftUpdateCheck = 1340;
				LastUpgradeCheck = 1340;
				TargetAttributes = {
					66AAF50E29003C60000A0DFC = {
						CreatedOnToolsVersion = 13.4.1;
					};
				};
			};
			buildConfigurationList = 66AAF50A29003C60000A0DFC /* Build configuration list for PBXProject "Flickr Client App" */;
			compatibilityVersion = "Xcode 13.0";
			developmentRegion = en;
			hasScannedForEncodings = 0;
			knownRegions = (
				en,
				Base,
			);
			mainGroup = 66AAF50629003C60000A0DFC;
			productRefGroup = 66AAF51029003C60000A0DFC /* Products */;
			projectDirPath = "";
			projectRoot = "";
			targets = (
				66AAF50E29003C60000A0DFC /* Flickr Client App */,
			);
		};
/* End PBXProject section */

/* Begin PBXResourcesBuildPhase section */
		66AAF50D29003C60000A0DFC /* Resources */ = {
			isa = PBXResourcesBuildPhase;
			buildActionMask = 2147483647;
			files = (
				66AAF51F29003C60000A0DFC /* LaunchScreen.storyboard in Resources */,
				66AAF51C29003C60000A0DFC /* Assets.xcassets in Resources */,
				66AAF5342901905B000A0DFC /* PhotoDetail.storyboard in Resources */,
				66AAF51A29003C60000A0DFC /* Main.storyboard in Resources */,
			);
			runOnlyForDeploymentPostprocessing = 0;
		};
/* End PBXResourcesBuildPhase section */

/* Begin PBXSourcesBuildPhase section */
		66AAF50B29003C60000A0DFC /* Sources */ = {
			isa = PBXSourcesBuildPhase;
			buildActionMask = 2147483647;
			files = (
				66AAF52B290043DF000A0DFC /* PhotoTableViewCell.swift in Sources */,
				66AAF51729003C60000A0DFC /* RecentPhotosViewController.swift in Sources */,
				66AAF51329003C60000A0DFC /* AppDelegate.swift in Sources */,
				66AAF52E29017EF8000A0DFC /* PhotoDetailViewController.swift in Sources */,
				66AAF51529003C60000A0DFC /* SceneDelegate.swift in Sources */,
			);
			runOnlyForDeploymentPostprocessing = 0;
		};
/* End PBXSourcesBuildPhase section */

/* Begin PBXVariantGroup section */
		66AAF51829003C60000A0DFC /* Main.storyboard */ = {
			isa = PBXVariantGroup;
			children = (
				66AAF51929003C60000A0DFC /* Base */,
			);
			name = Main.storyboard;
			sourceTree = "<group>";
		};
		66AAF51D29003C60000A0DFC /* LaunchScreen.storyboard */ = {
			isa = PBXVariantGroup;
			children = (
				66AAF51E29003C60000A0DFC /* Base */,
			);
			name = LaunchScreen.storyboard;
			sourceTree = "<group>";
		};
/* End PBXVariantGroup section */

/* Begin XCBuildConfiguration section */
		66AAF52129003C60000A0DFC /* Debug */ = {
			isa = XCBuildConfiguration;
			buildSettings = {
				ALWAYS_SEARCH_USER_PATHS = NO;
				CLANG_ANALYZER_NONNULL = YES;
				CLANG_ANALYZER_NUMBER_OBJECT_CONVERSION = YES_AGGRESSIVE;
				CLANG_CXX_LANGUAGE_STANDARD = "gnu++17";
				CLANG_ENABLE_MODULES = YES;
				CLANG_ENABLE_OBJC_ARC = YES;
				CLANG_ENABLE_OBJC_WEAK = YES;
				CLANG_WARN_BLOCK_CAPTURE_AUTORELEASING = YES;
				CLANG_WARN_BOOL_CONVERSION = YES;
				CLANG_WARN_COMMA = YES;
				CLANG_WARN_CONSTANT_CONVERSION = YES;
				CLANG_WARN_DEPRECATED_OBJC_IMPLEMENTATIONS = YES;
				CLANG_WARN_DIRECT_OBJC_ISA_USAGE = YES_ERROR;
				CLANG_WARN_DOCUMENTATION_COMMENTS = YES;
				CLANG_WARN_EMPTY_BODY = YES;
				CLANG_WARN_ENUM_CONVERSION = YES;
				CLANG_WARN_INFINITE_RECURSION = YES;
				CLANG_WARN_INT_CONVERSION = YES;
				CLANG_WARN_NON_LITERAL_NULL_CONVERSION = YES;
				CLANG_WARN_OBJC_IMPLICIT_RETAIN_SELF = YES;
				CLANG_WARN_OBJC_LITERAL_CONVERSION = YES;
				CLANG_WARN_OBJC_ROOT_CLASS = YES_ERROR;
				CLANG_WARN_QUOTED_INCLUDE_IN_FRAMEWORK_HEADER = YES;
				CLANG_WARN_RANGE_LOOP_ANALYSIS = YES;
				CLANG_WARN_STRICT_PROTOTYPES = YES;
				CLANG_WARN_SUSPICIOUS_MOVE = YES;
				CLANG_WARN_UNGUARDED_AVAILABILITY = YES_AGGRESSIVE;
				CLANG_WARN_UNREACHABLE_CODE = YES;
				CLANG_WARN__DUPLICATE_METHOD_MATCH = YES;
				COPY_PHASE_STRIP = NO;
				DEBUG_INFORMATION_FORMAT = dwarf;
				ENABLE_STRICT_OBJC_MSGSEND = YES;
				ENABLE_TESTABILITY = YES;
				GCC_C_LANGUAGE_STANDARD = gnu11;
				GCC_DYNAMIC_NO_PIC = NO;
				GCC_NO_COMMON_BLOCKS = YES;
				GCC_OPTIMIZATION_LEVEL = 0;
				GCC_PREPROCESSOR_DEFINITIONS = (
					"DEBUG=1",
					"$(inherited)",
				);
				GCC_WARN_64_TO_32_BIT_CONVERSION = YES;
				GCC_WARN_ABOUT_RETURN_TYPE = YES_ERROR;
				GCC_WARN_UNDECLARED_SELECTOR = YES;
				GCC_WARN_UNINITIALIZED_AUTOS = YES_AGGRESSIVE;
				GCC_WARN_UNUSED_FUNCTION = YES;
				GCC_WARN_UNUSED_VARIABLE = YES;
				IPHONEOS_DEPLOYMENT_TARGET = 15.5;
				MTL_ENABLE_DEBUG_INFO = INCLUDE_SOURCE;
				MTL_FAST_MATH = YES;
				ONLY_ACTIVE_ARCH = YES;
				SDKROOT = iphoneos;
				SWIFT_ACTIVE_COMPILATION_CONDITIONS = DEBUG;
				SWIFT_OPTIMIZATION_LEVEL = "-Onone";
			};
			name = Debug;
		};
		66AAF52229003C60000A0DFC /* Release */ = {
			isa = XCBuildConfiguration;
			buildSettings = {
				ALWAYS_SEARCH_USER_PATHS = NO;
				CLANG_ANALYZER_NONNULL = YES;
				CLANG_ANALYZER_NUMBER_OBJECT_CONVERSION = YES_AGGRESSIVE;
				CLANG_CXX_LANGUAGE_STANDARD = "gnu++17";
				CLANG_ENABLE_MODULES = YES;
				CLANG_ENABLE_OBJC_ARC = YES;
				CLANG_ENABLE_OBJC_WEAK = YES;
				CLANG_WARN_BLOCK_CAPTURE_AUTORELEASING = YES;
				CLANG_WARN_BOOL_CONVERSION = YES;
				CLANG_WARN_COMMA = YES;
				CLANG_WARN_CONSTANT_CONVERSION = YES;
				CLANG_WARN_DEPRECATED_OBJC_IMPLEMENTATIONS = YES;
				CLANG_WARN_DIRECT_OBJC_ISA_USAGE = YES_ERROR;
				CLANG_WARN_DOCUMENTATION_COMMENTS = YES;
				CLANG_WARN_EMPTY_BODY = YES;
				CLANG_WARN_ENUM_CONVERSION = YES;
				CLANG_WARN_INFINITE_RECURSION = YES;
				CLANG_WARN_INT_CONVERSION = YES;
				CLANG_WARN_NON_LITERAL_NULL_CONVERSION = YES;
				CLANG_WARN_OBJC_IMPLICIT_RETAIN_SELF = YES;
				CLANG_WARN_OBJC_LITERAL_CONVERSION = YES;
				CLANG_WARN_OBJC_ROOT_CLASS = YES_ERROR;
				CLANG_WARN_QUOTED_INCLUDE_IN_FRAMEWORK_HEADER = YES;
				CLANG_WARN_RANGE_LOOP_ANALYSIS = YES;
				CLANG_WARN_STRICT_PROTOTYPES = YES;
				CLANG_WARN_SUSPICIOUS_MOVE = YES;
				CLANG_WARN_UNGUARDED_AVAILABILITY = YES_AGGRESSIVE;
				CLANG_WARN_UNREACHABLE_CODE = YES;
				CLANG_WARN__DUPLICATE_METHOD_MATCH = YES;
				COPY_PHASE_STRIP = NO;
				DEBUG_INFORMATION_FORMAT = "dwarf-with-dsym";
				ENABLE_NS_ASSERTIONS = NO;
				ENABLE_STRICT_OBJC_MSGSEND = YES;
				GCC_C_LANGUAGE_STANDARD = gnu11;
				GCC_NO_COMMON_BLOCKS = YES;
				GCC_WARN_64_TO_32_BIT_CONVERSION = YES;
				GCC_WARN_ABOUT_RETURN_TYPE = YES_ERROR;
				GCC_WARN_UNDECLARED_SELECTOR = YES;
				GCC_WARN_UNINITIALIZED_AUTOS = YES_AGGRESSIVE;
				GCC_WARN_UNUSED_FUNCTION = YES;
				GCC_WARN_UNUSED_VARIABLE = YES;
				IPHONEOS_DEPLOYMENT_TARGET = 15.5;
				MTL_ENABLE_DEBUG_INFO = NO;
				MTL_FAST_MATH = YES;
				SDKROOT = iphoneos;
				SWIFT_COMPILATION_MODE = wholemodule;
				SWIFT_OPTIMIZATION_LEVEL = "-O";
				VALIDATE_PRODUCT = YES;
			};
			name = Release;
		};
		66AAF52429003C60000A0DFC /* Debug */ = {
			isa = XCBuildConfiguration;
			buildSettings = {
				ASSETCATALOG_COMPILER_APPICON_NAME = AppIcon;
				ASSETCATALOG_COMPILER_GLOBAL_ACCENT_COLOR_NAME = AccentColor;
				CODE_SIGN_STYLE = Automatic;
				CURRENT_PROJECT_VERSION = 1;
				GENERATE_INFOPLIST_FILE = YES;
				INFOPLIST_FILE = "Flickr Client App/Supporting Files/Info.plist";
				INFOPLIST_KEY_UIApplicationSupportsIndirectInputEvents = YES;
				INFOPLIST_KEY_UILaunchStoryboardName = LaunchScreen;
				INFOPLIST_KEY_UIMainStoryboardFile = Main;
				INFOPLIST_KEY_UISupportedInterfaceOrientations = UIInterfaceOrientationPortrait;
				INFOPLIST_KEY_UISupportedInterfaceOrientations_iPad = "UIInterfaceOrientationPortrait UIInterfaceOrientationPortraitUpsideDown UIInterfaceOrientationLandscapeLeft UIInterfaceOrientationLandscapeRight";
				INFOPLIST_KEY_UISupportedInterfaceOrientations_iPhone = "UIInterfaceOrientationPortrait UIInterfaceOrientationLandscapeLeft UIInterfaceOrientationLandscapeRight";
				LD_RUNPATH_SEARCH_PATHS = (
					"$(inherited)",
					"@executable_path/Frameworks",
				);
				MARKETING_VERSION = 1.0;
				PRODUCT_BUNDLE_IDENTIFIER = "com.info.Flickr-Client-App";
				PRODUCT_NAME = "$(TARGET_NAME)";
				SWIFT_EMIT_LOC_STRINGS = YES;
				SWIFT_VERSION = 5.0;
				TARGETED_DEVICE_FAMILY = "1,2";
			};
			name = Debug;
		};
		66AAF52529003C60000A0DFC /* Release */ = {
			isa = XCBuildConfiguration;
			buildSettings = {
				ASSETCATALOG_COMPILER_APPICON_NAME = AppIcon;
				ASSETCATALOG_COMPILER_GLOBAL_ACCENT_COLOR_NAME = AccentColor;
				CODE_SIGN_STYLE = Automatic;
				CURRENT_PROJECT_VERSION = 1;
				GENERATE_INFOPLIST_FILE = YES;
				INFOPLIST_FILE = "Flickr Client App/Supporting Files/Info.plist";
				INFOPLIST_KEY_UIApplicationSupportsIndirectInputEvents = YES;
				INFOPLIST_KEY_UILaunchStoryboardName = LaunchScreen;
				INFOPLIST_KEY_UIMainStoryboardFile = Main;
				INFOPLIST_KEY_UISupportedInterfaceOrientations = UIInterfaceOrientationPortrait;
				INFOPLIST_KEY_UISupportedInterfaceOrientations_iPad = "UIInterfaceOrientationPortrait UIInterfaceOrientationPortraitUpsideDown UIInterfaceOrientationLandscapeLeft UIInterfaceOrientationLandscapeRight";
				INFOPLIST_KEY_UISupportedInterfaceOrientations_iPhone = "UIInterfaceOrientationPortrait UIInterfaceOrientationLandscapeLeft UIInterfaceOrientationLandscapeRight";
				LD_RUNPATH_SEARCH_PATHS = (
					"$(inherited)",
					"@executable_path/Frameworks",
				);
				MARKETING_VERSION = 1.0;
				PRODUCT_BUNDLE_IDENTIFIER = "com.info.Flickr-Client-App";
				PRODUCT_NAME = "$(TARGET_NAME)";
				SWIFT_EMIT_LOC_STRINGS = YES;
				SWIFT_VERSION = 5.0;
				TARGETED_DEVICE_FAMILY = "1,2";
			};
			name = Release;
		};
/* End XCBuildConfiguration section */

/* Begin XCConfigurationList section */
		66AAF50A29003C60000A0DFC /* Build configuration list for PBXProject "Flickr Client App" */ = {
			isa = XCConfigurationList;
			buildConfigurations = (
				66AAF52129003C60000A0DFC /* Debug */,
				66AAF52229003C60000A0DFC /* Release */,
			);
			defaultConfigurationIsVisible = 0;
			defaultConfigurationName = Release;
		};
		66AAF52329003C60000A0DFC /* Build configuration list for PBXNativeTarget "Flickr Client App" */ = {
			isa = XCConfigurationList;
			buildConfigurations = (
				66AAF52429003C60000A0DFC /* Debug */,
				66AAF52529003C60000A0DFC /* Release */,
			);
			defaultConfigurationIsVisible = 0;
			defaultConfigurationName = Release;
		};
/* End XCConfigurationList section */
	};
	rootObject = 66AAF50729003C60000A0DFC /* Project object */;
}
